Microsoft Visual Studio Solution File, Format Version 12.00
# Visual Studio 15
VisualStudioVersion = 15.0.27428.1
MinimumVisualStudioVersion = 10.0.40219.1
Project("{FAE04EC0-301F-11D3-BF4B-00C04F79EFBC}") = "PaseandoAp", "PaseandoAp\PaseandoAp.csproj", "{53856CE1-B998-42AC-846A-D1CC6E75D247}"
EndProject
Project("{FAE04EC0-301F-11D3-BF4B-00C04F79EFBC}") = "PaseandoAp.iOS", "iOS\PaseandoAp.iOS.csproj", "{F7A6E9CB-72FD-4992-AA38-5D59F688901D}"
EndProject
Project("{FAE04EC0-301F-11D3-BF4B-00C04F79EFBC}") = "PaseandoAp.Droid", "Droid\PaseandoAp.Droid.csproj", "{BDF03140-EEE4-4A40-8B8C-7796FD24733B}"
EndProject
Project("{FAE04EC0-301F-11D3-BF4B-00C04F79EFBC}") = "PaseandoAp.Domain", "PaseandoAp.Domain\PaseandoAp.Domain.csproj", "{60DC434E-AA38-4236-90DF-207F02262661}"
EndProject
Project("{FAE04EC0-301F-11D3-BF4B-00C04F79EFBC}") = "PaseandoAp.Backend", "PaseandoAp.Backend\PaseandoAp.Backend.csproj", "{D7BCF9FF-F5CA-452A-8D1D-BFB6CC7CB136}"
EndProject
Project("{FAE04EC0-301F-11D3-BF4B-00C04F79EFBC}") = "PaseandoAp.API", "PaseandoAp.API\PaseandoAp.API.csproj", "{030938A0-70D1-45E4-B228-4717623B4C0B}"
EndProject
Global
	GlobalSection(SolutionConfigurationPlatforms) = preSolution
		Debug|Any CPU = Debug|Any CPU
		Debug|iPhone = Debug|iPhone
		Debug|iPhoneSimulator = Debug|iPhoneSimulator
		Release|Any CPU = Release|Any CPU
		Release|iPhone = Release|iPhone
		Release|iPhoneSimulator = Release|iPhoneSimulator
	EndGlobalSection
	GlobalSection(ProjectConfigurationPlatforms) = postSolution
		{53856CE1-B998-42AC-846A-D1CC6E75D247}.Debug|Any CPU.ActiveCfg = Debug|Any CPU
		{53856CE1-B998-42AC-846A-D1CC6E75D247}.Debug|Any CPU.Build.0 = Debug|Any CPU
		{53856CE1-B998-42AC-846A-D1CC6E75D247}.Debug|iPhone.ActiveCfg = Debug|Any CPU
		{53856CE1-B998-42AC-846A-D1CC6E75D247}.Debug|iPhone.Build.0 = Debug|Any CPU
		{53856CE1-B998-42AC-846A-D1CC6E75D247}.Debug|iPhoneSimulator.ActiveCfg = Debug|Any CPU
		{53856CE1-B998-42AC-846A-D1CC6E75D247}.Debug|iPhoneSimulator.Build.0 = Debug|Any CPU
		{53856CE1-B998-42AC-846A-D1CC6E75D247}.Release|Any CPU.ActiveCfg = Release|Any CPU
		{53856CE1-B998-42AC-846A-D1CC6E75D247}.Release|Any CPU.Build.0 = Release|Any CPU
		{53856CE1-B998-42AC-846A-D1CC6E75D247}.Release|iPhone.ActiveCfg = Release|Any CPU
		{53856CE1-B998-42AC-846A-D1CC6E75D247}.Release|iPhone.Build.0 = Release|Any CPU
		{53856CE1-B998-42AC-846A-D1CC6E75D247}.Release|iPhoneSimulator.ActiveCfg = Release|Any CPU
		{53856CE1-B998-42AC-846A-D1CC6E75D247}.Release|iPhoneSimulator.Build.0 = Release|Any CPU
		{F7A6E9CB-72FD-4992-AA38-5D59F688901D}.Debug|Any CPU.ActiveCfg = Debug|iPhoneSimulator
		{F7A6E9CB-72FD-4992-AA38-5D59F688901D}.Debug|Any CPU.Build.0 = Debug|iPhoneSimulator
		{F7A6E9CB-72FD-4992-AA38-5D59F688901D}.Debug|iPhone.ActiveCfg = Debug|iPhone
		{F7A6E9CB-72FD-4992-AA38-5D59F688901D}.Debug|iPhone.Build.0 = Debug|iPhone
		{F7A6E9CB-72FD-4992-AA38-5D59F688901D}.Debug|iPhoneSimulator.ActiveCfg = Debug|iPhoneSimulator
		{F7A6E9CB-72FD-4992-AA38-5D59F688901D}.Debug|iPhoneSimulator.Build.0 = Debug|iPhoneSimulator
		{F7A6E9CB-72FD-4992-AA38-5D59F688901D}.Release|Any CPU.ActiveCfg = Release|iPhone
		{F7A6E9CB-72FD-4992-AA38-5D59F688901D}.Release|Any CPU.Build.0 = Release|iPhone
		{F7A6E9CB-72FD-4992-AA38-5D59F688901D}.Release|iPhone.ActiveCfg = Release|iPhone
		{F7A6E9CB-72FD-4992-AA38-5D59F688901D}.Release|iPhone.Build.0 = Release|iPhone
		{F7A6E9CB-72FD-4992-AA38-5D59F688901D}.Release|iPhoneSimulator.ActiveCfg = Release|iPhoneSimulator
		{F7A6E9CB-72FD-4992-AA38-5D59F688901D}.Release|iPhoneSimulator.Build.0 = Release|iPhoneSimulator
		{BDF03140-EEE4-4A40-8B8C-7796FD24733B}.Debug|Any CPU.ActiveCfg = Debug|Any CPU
		{BDF03140-EEE4-4A40-8B8C-7796FD24733B}.Debug|Any CPU.Build.0 = Debug|Any CPU
		{BDF03140-EEE4-4A40-8B8C-7796FD24733B}.Debug|iPhone.ActiveCfg = Debug|Any CPU
		{BDF03140-EEE4-4A40-8B8C-7796FD24733B}.Debug|iPhone.Build.0 = Debug|Any CPU
		{BDF03140-EEE4-4A40-8B8C-7796FD24733B}.Debug|iPhoneSimulator.ActiveCfg = Debug|Any CPU
		{BDF03140-EEE4-4A40-8B8C-7796FD24733B}.Debug|iPhoneSimulator.Build.0 = Debug|Any CPU
		{BDF03140-EEE4-4A40-8B8C-7796FD24733B}.Release|Any CPU.ActiveCfg = Release|Any CPU
		{BDF03140-EEE4-4A40-8B8C-7796FD24733B}.Release|Any CPU.Build.0 = Release|Any CPU
		{BDF03140-EEE4-4A40-8B8C-7796FD24733B}.Release|iPhone.ActiveCfg = Release|Any CPU
		{BDF03140-EEE4-4A40-8B8C-7796FD24733B}.Release|iPhone.Build.0 = Release|Any CPU
		{BDF03140-EEE4-4A40-8B8C-7796FD24733B}.Release|iPhoneSimulator.ActiveCfg = Release|Any CPU
		{BDF03140-EEE4-4A40-8B8C-7796FD24733B}.Release|iPhoneSimulator.Build.0 = Release|Any CPU
		{60DC434E-AA38-4236-90DF-207F02262661}.Debug|Any CPU.ActiveCfg = Debug|Any CPU
		{60DC434E-AA38-4236-90DF-207F02262661}.Debug|Any CPU.Build.0 = Debug|Any CPU
		{60DC434E-AA38-4236-90DF-207F02262661}.Debug|iPhone.ActiveCfg = Debug|Any CPU
		{60DC434E-AA38-4236-90DF-207F02262661}.Debug|iPhone.Build.0 = Debug|Any CPU
		{60DC434E-AA38-4236-90DF-207F02262661}.Debug|iPhoneSimulator.ActiveCfg = Debug|Any CPU
		{60DC434E-AA38-4236-90DF-207F02262661}.Debug|iPhoneSimulator.Build.0 = Debug|Any CPU
		{60DC434E-AA38-4236-90DF-207F02262661}.Release|Any CPU.ActiveCfg = Release|Any CPU
		{60DC434E-AA38-4236-90DF-207F02262661}.Release|Any CPU.Build.0 = Release|Any CPU
		{60DC434E-AA38-4236-90DF-207F02262661}.Release|iPhone.ActiveCfg = Release|Any CPU
		{60DC434E-AA38-4236-90DF-207F02262661}.Release|iPhone.Build.0 = Release|Any CPU
		{60DC434E-AA38-4236-90DF-207F02262661}.Release|iPhoneSimulator.ActiveCfg = Release|Any CPU
		{60DC434E-AA38-4236-90DF-207F02262661}.Release|iPhoneSimulator.Build.0 = Release|Any CPU
		{D7BCF9FF-F5CA-452A-8D1D-BFB6CC7CB136}.Debug|Any CPU.ActiveCfg = Debug|Any CPU
		{D7BCF9FF-F5CA-452A-8D1D-BFB6CC7CB136}.Debug|Any CPU.Build.0 = Debug|Any CPU
		{D7BCF9FF-F5CA-452A-8D1D-BFB6CC7CB136}.Debug|iPhone.ActiveCfg = Debug|Any CPU
		{D7BCF9FF-F5CA-452A-8D1D-BFB6CC7CB136}.Debug|iPhone.Build.0 = Debug|Any CPU
		{D7BCF9FF-F5CA-452A-8D1D-BFB6CC7CB136}.Debug|iPhoneSimulator.ActiveCfg = Debug|Any CPU
		{D7BCF9FF-F5CA-452A-8D1D-BFB6CC7CB136}.Debug|iPhoneSimulator.Build.0 = Debug|Any CPU
		{D7BCF9FF-F5CA-452A-8D1D-BFB6CC7CB136}.Release|Any CPU.ActiveCfg = Release|Any CPU
		{D7BCF9FF-F5CA-452A-8D1D-BFB6CC7CB136}.Release|Any CPU.Build.0 = Release|Any CPU
		{D7BCF9FF-F5CA-452A-8D1D-BFB6CC7CB136}.Release|iPhone.ActiveCfg = Release|Any CPU
		{D7BCF9FF-F5CA-452A-8D1D-BFB6CC7CB136}.Release|iPhone.Build.0 = Release|Any CPU
		{D7BCF9FF-F5CA-452A-8D1D-BFB6CC7CB136}.Release|iPhoneSimulator.ActiveCfg = Release|Any CPU
		{D7BCF9FF-F5CA-452A-8D1D-BFB6CC7CB136}.Release|iPhoneSimulator.Build.0 = Release|Any CPU
		{030938A0-70D1-45E4-B228-4717623B4C0B}.Debug|Any CPU.ActiveCfg = Debug|Any CPU
		{030938A0-70D1-45E4-B228-4717623B4C0B}.Debug|Any CPU.Build.0 = Debug|Any CPU
		{030938A0-70D1-45E4-B228-4717623B4C0B}.Debug|iPhone.ActiveCfg = Debug|Any CPU
		{030938A0-70D1-45E4-B228-4717623B4C0B}.Debug|iPhone.Build.0 = Debug|Any CPU
		{030938A0-70D1-45E4-B228-4717623B4C0B}.Debug|iPhoneSimulator.ActiveCfg = Debug|Any CPU
		{030938A0-70D1-45E4-B228-4717623B4C0B}.Debug|iPhoneSimulator.Build.0 = Debug|Any CPU
		{030938A0-70D1-45E4-B228-4717623B4C0B}.Release|Any CPU.ActiveCfg = Release|Any CPU
		{030938A0-70D1-45E4-B228-4717623B4C0B}.Release|Any CPU.Build.0 = Release|Any CPU
		{030938A0-70D1-45E4-B228-4717623B4C0B}.Release|iPhone.ActiveCfg = Release|Any CPU
		{030938A0-70D1-45E4-B228-4717623B4C0B}.Release|iPhone.Build.0 = Release|Any CPU
		{030938A0-70D1-45E4-B228-4717623B4C0B}.Release|iPhoneSimulator.ActiveCfg = Release|Any CPU
		{030938A0-70D1-45E4-B228-4717623B4C0B}.Release|iPhoneSimulator.Build.0 = Release|Any CPU
	EndGlobalSection
	GlobalSection(SolutionProperties) = preSolution
		HideSolutionNode = FALSE
	EndGlobalSection
	GlobalSection(ExtensibilityGlobals) = postSolution
		SolutionGuid = {B0B8D0D4-B5B0-4F3D-A1EE-A7595B104DA1}
	EndGlobalSection
EndGlobal
